// !$*UTF8*$!
{
	archiveVersion = 1;
	classes = {
	};
	objectVersion = 56;
	objects = {

/* Begin PBXBuildFile section */
		5B9D8C472C53964F004BDA83 /* FloatingSheetApp.swift in Sources */ = {isa = PBXBuildFile; fileRef = 5B9D8C462C53964F004BDA83 /* FloatingSheetApp.swift */; };
		5B9D8C4B2C539651004BDA83 /* Assets.xcassets in Resources */ = {isa = PBXBuildFile; fileRef = 5B9D8C4A2C539651004BDA83 /* Assets.xcassets */; };
		5B9D8C4E2C539651004BDA83 /* Preview Assets.xcassets in Resources */ = {isa = PBXBuildFile; fileRef = 5B9D8C4D2C539651004BDA83 /* Preview Assets.xcassets */; };
		5B9D8C562C539689004BDA83 /* SnapKit in Frameworks */ = {isa = PBXBuildFile; productRef = 5B9D8C552C539689004BDA83 /* SnapKit */; };
		5B9D8C582C5396A7004BDA83 /* ContentViewSheet.swift in Sources */ = {isa = PBXBuildFile; fileRef = 5B9D8C572C5396A7004BDA83 /* ContentViewSheet.swift */; };
		5B9D8C5A2C5396BD004BDA83 /* BottomSheetVM.swift in Sources */ = {isa = PBXBuildFile; fileRef = 5B9D8C592C5396BD004BDA83 /* BottomSheetVM.swift */; };
		5B9D8C5C2C5396DB004BDA83 /* Extension.swift in Sources */ = {isa = PBXBuildFile; fileRef = 5B9D8C5B2C5396DB004BDA83 /* Extension.swift */; };
		5B9D8C5E2C5396F6004BDA83 /* ScrollViewWrapper.swift in Sources */ = {isa = PBXBuildFile; fileRef = 5B9D8C5D2C5396F6004BDA83 /* ScrollViewWrapper.swift */; };
/* End PBXBuildFile section */

/* Begin PBXFileReference section */
		5B9D8C432C53964F004BDA83 /* FloatingSheet.app */ = {isa = PBXFileReference; explicitFileType = wrapper.application; includeInIndex = 0; path = FloatingSheet.app; sourceTree = BUILT_PRODUCTS_DIR; };
		5B9D8C462C53964F004BDA83 /* FloatingSheetApp.swift */ = {isa = PBXFileReference; lastKnownFileType = sourcecode.swift; path = FloatingSheetApp.swift; sourceTree = "<group>"; };
		5B9D8C4A2C539651004BDA83 /* Assets.xcassets */ = {isa = PBXFileReference; lastKnownFileType = folder.assetcatalog; path = Assets.xcassets; sourceTree = "<group>"; };
		5B9D8C4D2C539651004BDA83 /* Preview Assets.xcassets */ = {isa = PBXFileReference; lastKnownFileType = folder.assetcatalog; path = "Preview Assets.xcassets"; sourceTree = "<group>"; };
		5B9D8C572C5396A7004BDA83 /* ContentViewSheet.swift */ = {isa = PBXFileReference; lastKnownFileType = sourcecode.swift; path = ContentViewSheet.swift; sourceTree = "<group>"; };
		5B9D8C592C5396BD004BDA83 /* BottomSheetVM.swift */ = {isa = PBXFileReference; lastKnownFileType = sourcecode.swift; path = BottomSheetVM.swift; sourceTree = "<group>"; };
		5B9D8C5B2C5396DB004BDA83 /* Extension.swift */ = {isa = PBXFileReference; lastKnownFileType = sourcecode.swift; path = Extension.swift; sourceTree = "<group>"; };
		5B9D8C5D2C5396F6004BDA83 /* ScrollViewWrapper.swift */ = {isa = PBXFileReference; lastKnownFileType = sourcecode.swift; path = ScrollViewWrapper.swift; sourceTree = "<group>"; };
/* End PBXFileReference section */

/* Begin PBXFrameworksBuildPhase section */
		5B9D8C402C53964F004BDA83 /* Frameworks */ = {
			isa = PBXFrameworksBuildPhase;
			buildActionMask = 2147483647;
			files = (
				5B9D8C562C539689004BDA83 /* SnapKit in Frameworks */,
			);
			runOnlyForDeploymentPostprocessing = 0;
		};
/* End PBXFrameworksBuildPhase section */

/* Begin PBXGroup section */
		5B9D8C3A2C53964F004BDA83 = {
			isa = PBXGroup;
			children = (
				5B9D8C462C53964F004BDA83 /* FloatingSheetApp.swift */,
				5B9D8C452C53964F004BDA83 /* FloatingSheet */,
				5B9D8C442C53964F004BDA83 /* Products */,
			);
			sourceTree = "<group>";
		};
		5B9D8C442C53964F004BDA83 /* Products */ = {
			isa = PBXGroup;
			children = (
				5B9D8C432C53964F004BDA83 /* FloatingSheet.app */,
			);
			name = Products;
			sourceTree = "<group>";
		};
		5B9D8C452C53964F004BDA83 /* FloatingSheet */ = {
			isa = PBXGroup;
			children = (
				5B9D8C572C5396A7004BDA83 /* ContentViewSheet.swift */,
				5B9D8C592C5396BD004BDA83 /* BottomSheetVM.swift */,
				5B9D8C5B2C5396DB004BDA83 /* Extension.swift */,
				5B9D8C4A2C539651004BDA83 /* Assets.xcassets */,
				5B9D8C4C2C539651004BDA83 /* Preview Content */,
				5B9D8C5D2C5396F6004BDA83 /* ScrollViewWrapper.swift */,
			);
			path = FloatingSheet;
			sourceTree = "<group>";
		};
		5B9D8C4C2C539651004BDA83 /* Preview Content */ = {
			isa = PBXGroup;
			children = (
				5B9D8C4D2C539651004BDA83 /* Preview Assets.xcassets */,
			);
			path = "Preview Content";
			sourceTree = "<group>";
		};
/* End PBXGroup section */

/* Begin PBXNativeTarget section */
		5B9D8C422C53964F004BDA83 /* FloatingSheet */ = {
			isa = PBXNativeTarget;
			buildConfigurationList = 5B9D8C512C539651004BDA83 /* Build configuration list for PBXNativeTarget "FloatingSheet" */;
			buildPhases = (
				5B9D8C3F2C53964F004BDA83 /* Sources */,
				5B9D8C402C53964F004BDA83 /* Frameworks */,
				5B9D8C412C53964F004BDA83 /* Resources */,
			);
			buildRules = (
			);
			dependencies = (
			);
			name = FloatingSheet;
			packageProductDependencies = (
				5B9D8C552C539689004BDA83 /* SnapKit */,
			);
			productName = FloatingSheet;
			productReference = 5B9D8C432C53964F004BDA83 /* FloatingSheet.app */;
			productType = "com.apple.product-type.application";
		};
/* End PBXNativeTarget section */

/* Begin PBXProject section */
		5B9D8C3B2C53964F004BDA83 /* Project object */ = {
			isa = PBXProject;
			attributes = {
				BuildIndependentTargetsInParallel = 1;
				LastSwiftUpdateCheck = 1540;
				LastUpgradeCheck = 1540;
				TargetAttributes = {
					5B9D8C422C53964F004BDA83 = {
						CreatedOnToolsVersion = 15.4;
					};
				};
			};
			buildConfigurationList = 5B9D8C3E2C53964F004BDA83 /* Build configuration list for PBXProject "FloatingSheet" */;
			compatibilityVersion = "Xcode 14.0";
			developmentRegion = en;
			hasScannedForEncodings = 0;
			knownRegions = (
				en,
				Base,
			);
			mainGroup = 5B9D8C3A2C53964F004BDA83;
			packageReferences = (
				5B9D8C542C539689004BDA83 /* XCRemoteSwiftPackageReference "SnapKit" */,
			);
			productRefGroup = 5B9D8C442C53964F004BDA83 /* Products */;
			projectDirPath = "";
			projectRoot = "";
			targets = (
				5B9D8C422C53964F004BDA83 /* FloatingSheet */,
			);
		};
/* End PBXProject section */

/* Begin PBXResourcesBuildPhase section */
		5B9D8C412C53964F004BDA83 /* Resources */ = {
			isa = PBXResourcesBuildPhase;
			buildActionMask = 2147483647;
			files = (
				5B9D8C4E2C539651004BDA83 /* Preview Assets.xcassets in Resources */,
				5B9D8C4B2C539651004BDA83 /* Assets.xcassets in Resources */,
			);
			runOnlyForDeploymentPostprocessing = 0;
		};
/* End PBXResourcesBuildPhase section */

/* Begin PBXSourcesBuildPhase section */
		5B9D8C3F2C53964F004BDA83 /* Sources */ = {
			isa = PBXSourcesBuildPhase;
			buildActionMask = 2147483647;
			files = (
				5B9D8C582C5396A7004BDA83 /* ContentViewSheet.swift in Sources */,
				5B9D8C472C53964F004BDA83 /* FloatingSheetApp.swift in Sources */,
				5B9D8C5A2C5396BD004BDA83 /* BottomSheetVM.swift in Sources */,
				5B9D8C5E2C5396F6004BDA83 /* ScrollViewWrapper.swift in Sources */,
				5B9D8C5C2C5396DB004BDA83 /* Extension.swift in Sources */,
			);
			runOnlyForDeploymentPostprocessing = 0;
		};
/* End PBXSourcesBuildPhase section */

/* Begin XCBuildConfiguration section */
		5B9D8C4F2C539651004BDA83 /* Debug */ = {
			isa = XCBuildConfiguration;
			buildSettings = {
				ALWAYS_SEARCH_USER_PATHS = NO;
				ASSETCATALOG_COMPILER_GENERATE_SWIFT_ASSET_SYMBOL_EXTENSIONS = YES;
				CLANG_ANALYZER_NONNULL = YES;
				CLANG_ANALYZER_NUMBER_OBJECT_CONVERSION = YES_AGGRESSIVE;
				CLANG_CXX_LANGUAGE_STANDARD = "gnu++20";
				CLANG_ENABLE_MODULES = YES;
				CLANG_ENABLE_OBJC_ARC = YES;
				CLANG_ENABLE_OBJC_WEAK = YES;
				CLANG_WARN_BLOCK_CAPTURE_AUTORELEASING = YES;
				CLANG_WARN_BOOL_CONVERSION = YES;
				CLANG_WARN_COMMA = YES;
				CLANG_WARN_CONSTANT_CONVERSION = YES;
				CLANG_WARN_DEPRECATED_OBJC_IMPLEMENTATIONS = YES;
				CLANG_WARN_DIRECT_OBJC_ISA_USAGE = YES_ERROR;
				CLANG_WARN_DOCUMENTATION_COMMENTS = YES;
				CLANG_WARN_EMPTY_BODY = YES;
				CLANG_WARN_ENUM_CONVERSION = YES;
				CLANG_WARN_INFINITE_RECURSION = YES;
				CLANG_WARN_INT_CONVERSION = YES;
				CLANG_WARN_NON_LITERAL_NULL_CONVERSION = YES;
				CLANG_WARN_OBJC_IMPLICIT_RETAIN_SELF = YES;
				CLANG_WARN_OBJC_LITERAL_CONVERSION = YES;
				CLANG_WARN_OBJC_ROOT_CLASS = YES_ERROR;
				CLANG_WARN_QUOTED_INCLUDE_IN_FRAMEWORK_HEADER = YES;
				CLANG_WARN_RANGE_LOOP_ANALYSIS = YES;
				CLANG_WARN_STRICT_PROTOTYPES = YES;
				CLANG_WARN_SUSPICIOUS_MOVE = YES;
				CLANG_WARN_UNGUARDED_AVAILABILITY = YES_AGGRESSIVE;
				CLANG_WARN_UNREACHABLE_CODE = YES;
				CLANG_WARN__DUPLICATE_METHOD_MATCH = YES;
				COPY_PHASE_STRIP = NO;
				DEBUG_INFORMATION_FORMAT = dwarf;
				ENABLE_STRICT_OBJC_MSGSEND = YES;
				ENABLE_TESTABILITY = YES;
				ENABLE_USER_SCRIPT_SANDBOXING = YES;
				GCC_C_LANGUAGE_STANDARD = gnu17;
				GCC_DYNAMIC_NO_PIC = NO;
				GCC_NO_COMMON_BLOCKS = YES;
				GCC_OPTIMIZATION_LEVEL = 0;
				GCC_PREPROCESSOR_DEFINITIONS = (
					"DEBUG=1",
					"$(inherited)",
				);
				GCC_WARN_64_TO_32_BIT_CONVERSION = YES;
				GCC_WARN_ABOUT_RETURN_TYPE = YES_ERROR;
				GCC_WARN_UNDECLARED_SELECTOR = YES;
				GCC_WARN_UNINITIALIZED_AUTOS = YES_AGGRESSIVE;
				GCC_WARN_UNUSED_FUNCTION = YES;
				GCC_WARN_UNUSED_VARIABLE = YES;
				IPHONEOS_DEPLOYMENT_TARGET = 17.5;
				LOCALIZATION_PREFERS_STRING_CATALOGS = YES;
				MTL_ENABLE_DEBUG_INFO = INCLUDE_SOURCE;
				MTL_FAST_MATH = YES;
				ONLY_ACTIVE_ARCH = YES;
				SDKROOT = iphoneos;
				SWIFT_ACTIVE_COMPILATION_CONDITIONS = "DEBUG $(inherited)";
				SWIFT_OPTIMIZATION_LEVEL = "-Onone";
			};
			name = Debug;
		};
		5B9D8C502C539651004BDA83 /* Release */ = {
			isa = XCBuildConfiguration;
			buildSettings = {
				ALWAYS_SEARCH_USER_PATHS = NO;
				ASSETCATALOG_COMPILER_GENERATE_SWIFT_ASSET_SYMBOL_EXTENSIONS = YES;
				CLANG_ANALYZER_NONNULL = YES;
				CLANG_ANALYZER_NUMBER_OBJECT_CONVERSION = YES_AGGRESSIVE;
				CLANG_CXX_LANGUAGE_STANDARD = "gnu++20";
				CLANG_ENABLE_MODULES = YES;
				CLANG_ENABLE_OBJC_ARC = YES;
				CLANG_ENABLE_OBJC_WEAK = YES;
				CLANG_WARN_BLOCK_CAPTURE_AUTORELEASING = YES;
				CLANG_WARN_BOOL_CONVERSION = YES;
				CLANG_WARN_COMMA = YES;
				CLANG_WARN_CONSTANT_CONVERSION = YES;
				CLANG_WARN_DEPRECATED_OBJC_IMPLEMENTATIONS = YES;
				CLANG_WARN_DIRECT_OBJC_ISA_USAGE = YES_ERROR;
				CLANG_WARN_DOCUMENTATION_COMMENTS = YES;
				CLANG_WARN_EMPTY_BODY = YES;
				CLANG_WARN_ENUM_CONVERSION = YES;
				CLANG_WARN_INFINITE_RECURSION = YES;
				CLANG_WARN_INT_CONVERSION = YES;
				CLANG_WARN_NON_LITERAL_NULL_CONVERSION = YES;
				CLANG_WARN_OBJC_IMPLICIT_RETAIN_SELF = YES;
				CLANG_WARN_OBJC_LITERAL_CONVERSION = YES;
				CLANG_WARN_OBJC_ROOT_CLASS = YES_ERROR;
				CLANG_WARN_QUOTED_INCLUDE_IN_FRAMEWORK_HEADER = YES;
				CLANG_WARN_RANGE_LOOP_ANALYSIS = YES;
				CLANG_WARN_STRICT_PROTOTYPES = YES;
				CLANG_WARN_SUSPICIOUS_MOVE = YES;
				CLANG_WARN_UNGUARDED_AVAILABILITY = YES_AGGRESSIVE;
				CLANG_WARN_UNREACHABLE_CODE = YES;
				CLANG_WARN__DUPLICATE_METHOD_MATCH = YES;
				COPY_PHASE_STRIP = NO;
				DEBUG_INFORMATION_FORMAT = "dwarf-with-dsym";
				ENABLE_NS_ASSERTIONS = NO;
				ENABLE_STRICT_OBJC_MSGSEND = YES;
				ENABLE_USER_SCRIPT_SANDBOXING = YES;
				GCC_C_LANGUAGE_STANDARD = gnu17;
				GCC_NO_COMMON_BLOCKS = YES;
				GCC_WARN_64_TO_32_BIT_CONVERSION = YES;
				GCC_WARN_ABOUT_RETURN_TYPE = YES_ERROR;
				GCC_WARN_UNDECLARED_SELECTOR = YES;
				GCC_WARN_UNINITIALIZED_AUTOS = YES_AGGRESSIVE;
				GCC_WARN_UNUSED_FUNCTION = YES;
				GCC_WARN_UNUSED_VARIABLE = YES;
				IPHONEOS_DEPLOYMENT_TARGET = 17.5;
				LOCALIZATION_PREFERS_STRING_CATALOGS = YES;
				MTL_ENABLE_DEBUG_INFO = NO;
				MTL_FAST_MATH = YES;
				SDKROOT = iphoneos;
				SWIFT_COMPILATION_MODE = wholemodule;
				VALIDATE_PRODUCT = YES;
			};
			name = Release;
		};
		5B9D8C522C539651004BDA83 /* Debug */ = {
			isa = XCBuildConfiguration;
			buildSettings = {
				ASSETCATALOG_COMPILER_APPICON_NAME = AppIcon;
				ASSETCATALOG_COMPILER_GLOBAL_ACCENT_COLOR_NAME = AccentColor;
				CODE_SIGN_STYLE = Automatic;
				CURRENT_PROJECT_VERSION = 1;
				DEVELOPMENT_ASSET_PATHS = "\"FloatingSheet/Preview Content\"";
				DEVELOPMENT_TEAM = Y274S7F744;
				ENABLE_PREVIEWS = YES;
				GENERATE_INFOPLIST_FILE = YES;
				INFOPLIST_KEY_UIApplicationSceneManifest_Generation = YES;
				INFOPLIST_KEY_UIApplicationSupportsIndirectInputEvents = YES;
				INFOPLIST_KEY_UILaunchScreen_Generation = YES;
				INFOPLIST_KEY_UISupportedInterfaceOrientations_iPad = "UIInterfaceOrientationPortrait UIInterfaceOrientationPortraitUpsideDown UIInterfaceOrientationLandscapeLeft UIInterfaceOrientationLandscapeRight";
				INFOPLIST_KEY_UISupportedInterfaceOrientations_iPhone = "UIInterfaceOrientationPortrait UIInterfaceOrientationLandscapeLeft UIInterfaceOrientationLandscapeRight";
				LD_RUNPATH_SEARCH_PATHS = (
					"$(inherited)",
					"@executable_path/Frameworks",
				);
				MARKETING_VERSION = 1.0;
				PRODUCT_BUNDLE_IDENTIFIER = com.yuragethigh.FloatingSheet;
				PRODUCT_NAME = "$(TARGET_NAME)";
				SWIFT_EMIT_LOC_STRINGS = YES;
				SWIFT_VERSION = 5.0;
				TARGETED_DEVICE_FAMILY = "1,2";
			};
			name = Debug;
		};
		5B9D8C532C539651004BDA83 /* Release */ = {
			isa = XCBuildConfiguration;
			buildSettings = {
				ASSETCATALOG_COMPILER_APPICON_NAME = AppIcon;
				ASSETCATALOG_COMPILER_GLOBAL_ACCENT_COLOR_NAME = AccentColor;
				CODE_SIGN_STYLE = Automatic;
				CURRENT_PROJECT_VERSION = 1;
				DEVELOPMENT_ASSET_PATHS = "\"FloatingSheet/Preview Content\"";
				DEVELOPMENT_TEAM = Y274S7F744;
				ENABLE_PREVIEWS = YES;
				GENERATE_INFOPLIST_FILE = YES;
				INFOPLIST_KEY_UIApplicationSceneManifest_Generation = YES;
				INFOPLIST_KEY_UIApplicationSupportsIndirectInputEvents = YES;
				INFOPLIST_KEY_UILaunchScreen_Generation = YES;
				INFOPLIST_KEY_UISupportedInterfaceOrientations_iPad = "UIInterfaceOrientationPortrait UIInterfaceOrientationPortraitUpsideDown UIInterfaceOrientationLandscapeLeft UIInterfaceOrientationLandscapeRight";
				INFOPLIST_KEY_UISupportedInterfaceOrientations_iPhone = "UIInterfaceOrientationPortrait UIInterfaceOrientationLandscapeLeft UIInterfaceOrientationLandscapeRight";
				LD_RUNPATH_SEARCH_PATHS = (
					"$(inherited)",
					"@executable_path/Frameworks",
				);
				MARKETING_VERSION = 1.0;
				PRODUCT_BUNDLE_IDENTIFIER = com.yuragethigh.FloatingSheet;
				PRODUCT_NAME = "$(TARGET_NAME)";
				SWIFT_EMIT_LOC_STRINGS = YES;
				SWIFT_VERSION = 5.0;
				TARGETED_DEVICE_FAMILY = "1,2";
			};
			name = Release;
		};
/* End XCBuildConfiguration section */

/* Begin XCConfigurationList section */
		5B9D8C3E2C53964F004BDA83 /* Build configuration list for PBXProject "FloatingSheet" */ = {
			isa = XCConfigurationList;
			buildConfigurations = (
				5B9D8C4F2C539651004BDA83 /* Debug */,
				5B9D8C502C539651004BDA83 /* Release */,
			);
			defaultConfigurationIsVisible = 0;
			defaultConfigurationName = Release;
		};
		5B9D8C512C539651004BDA83 /* Build configuration list for PBXNativeTarget "FloatingSheet" */ = {
			isa = XCConfigurationList;
			buildConfigurations = (
				5B9D8C522C539651004BDA83 /* Debug */,
				5B9D8C532C539651004BDA83 /* Release */,
			);
			defaultConfigurationIsVisible = 0;
			defaultConfigurationName = Release;
		};
/* End XCConfigurationList section */

/* Begin XCRemoteSwiftPackageReference section */
		5B9D8C542C539689004BDA83 /* XCRemoteSwiftPackageReference "SnapKit" */ = {
			isa = XCRemoteSwiftPackageReference;
			repositoryURL = "https://github.com/SnapKit/SnapKit.git";
			requirement = {
				kind = upToNextMajorVersion;
				minimumVersion = 5.7.1;
			};
		};
/* End XCRemoteSwiftPackageReference section */

/* Begin XCSwiftPackageProductDependency section */
		5B9D8C552C539689004BDA83 /* SnapKit */ = {
			isa = XCSwiftPackageProductDependency;
			package = 5B9D8C542C539689004BDA83 /* XCRemoteSwiftPackageReference "SnapKit" */;
			productName = SnapKit;
		};
/* End XCSwiftPackageProductDependency section */
	};
	rootObject = 5B9D8C3B2C53964F004BDA83 /* Project object */;
}
